
Microsoft Visual Studio Solution File, Format Version 12.00
# Visual Studio Version 16
VisualStudioVersion = 16.0.31702.278
MinimumVisualStudioVersion = 10.0.40219.1
Project("{FAE04EC0-301F-11D3-BF4B-00C04F79EFBC}") = "SymLinkMaker", "SymLinkMaker\SymLinkMaker.csproj", "{F00DB4C8-2234-48D8-A37E-A07EAEA5BA4B}"
EndProject
Project("{9A19103F-16F7-4668-BE54-9A1E7A4F7556}") = "SymLinkMakerTest", "SymLinkMakerTest\SymLinkMakerTest.csproj", "{66441276-0E6B-49D9-97A6-E4FB8DB0F98F}"
EndProject
Project("{FAE04EC0-301F-11D3-BF4B-00C04F79EFBC}") = "FileManagerDB", "FileManagerDB\FileManagerDB.csproj", "{AB837FD1-34A1-4B5C-9F2E-716FACCBD619}"
EndProject
Project("{FAE04EC0-301F-11D3-BF4B-00C04F79EFBC}") = "FileDBManagerTest", "FileDBManagerTest\FileDBManagerTest.csproj", "{2C9E641D-F184-4786-839C-6FCD6E115AEC}"
EndProject
Project("{FAE04EC0-301F-11D3-BF4B-00C04F79EFBC}") = "FileOrganizerCore", "FileOrganizerCore\FileOrganizerCore.csproj", "{605AA4F8-299E-4EBD-80CA-C6615FE6C0D0}"
EndProject
Project("{FAE04EC0-301F-11D3-BF4B-00C04F79EFBC}") = "FileOrganizerCoreTest", "FileOrganizerCoreTest\FileOrganizerCoreTest.csproj", "{17E9A54D-505B-4C50-8F62-4FB8B64011FC}"
EndProject
Project("{FAE04EC0-301F-11D3-BF4B-00C04F79EFBC}") = "FileOrganizerUI", "FileOrganizerUI\FileOrganizerUI.csproj", "{0E49CDA0-940E-4171-94F3-5C9924BBAD39}"
EndProject
Global
	GlobalSection(SolutionConfigurationPlatforms) = preSolution
		Debug|Any CPU = Debug|Any CPU
		Debug|x64 = Debug|x64
		Release|Any CPU = Release|Any CPU
		Release|x64 = Release|x64
	EndGlobalSection
	GlobalSection(ProjectConfigurationPlatforms) = postSolution
		{F00DB4C8-2234-48D8-A37E-A07EAEA5BA4B}.Debug|Any CPU.ActiveCfg = Debug|Any CPU
		{F00DB4C8-2234-48D8-A37E-A07EAEA5BA4B}.Debug|Any CPU.Build.0 = Debug|Any CPU
		{F00DB4C8-2234-48D8-A37E-A07EAEA5BA4B}.Debug|x64.ActiveCfg = Debug|Any CPU
		{F00DB4C8-2234-48D8-A37E-A07EAEA5BA4B}.Debug|x64.Build.0 = Debug|Any CPU
		{F00DB4C8-2234-48D8-A37E-A07EAEA5BA4B}.Release|Any CPU.ActiveCfg = Release|Any CPU
		{F00DB4C8-2234-48D8-A37E-A07EAEA5BA4B}.Release|Any CPU.Build.0 = Release|Any CPU
		{F00DB4C8-2234-48D8-A37E-A07EAEA5BA4B}.Release|x64.ActiveCfg = Release|Any CPU
		{F00DB4C8-2234-48D8-A37E-A07EAEA5BA4B}.Release|x64.Build.0 = Release|Any CPU
		{66441276-0E6B-49D9-97A6-E4FB8DB0F98F}.Debug|Any CPU.ActiveCfg = Debug|Any CPU
		{66441276-0E6B-49D9-97A6-E4FB8DB0F98F}.Debug|Any CPU.Build.0 = Debug|Any CPU
		{66441276-0E6B-49D9-97A6-E4FB8DB0F98F}.Debug|x64.ActiveCfg = Debug|Any CPU
		{66441276-0E6B-49D9-97A6-E4FB8DB0F98F}.Debug|x64.Build.0 = Debug|Any CPU
		{66441276-0E6B-49D9-97A6-E4FB8DB0F98F}.Release|Any CPU.ActiveCfg = Release|Any CPU
		{66441276-0E6B-49D9-97A6-E4FB8DB0F98F}.Release|Any CPU.Build.0 = Release|Any CPU
		{66441276-0E6B-49D9-97A6-E4FB8DB0F98F}.Release|x64.ActiveCfg = Release|Any CPU
		{66441276-0E6B-49D9-97A6-E4FB8DB0F98F}.Release|x64.Build.0 = Release|Any CPU
		{AB837FD1-34A1-4B5C-9F2E-716FACCBD619}.Debug|Any CPU.ActiveCfg = Debug|Any CPU
		{AB837FD1-34A1-4B5C-9F2E-716FACCBD619}.Debug|x64.ActiveCfg = Debug|x64
		{AB837FD1-34A1-4B5C-9F2E-716FACCBD619}.Debug|x64.Build.0 = Debug|x64
		{AB837FD1-34A1-4B5C-9F2E-716FACCBD619}.Release|Any CPU.ActiveCfg = Release|Any CPU
		{AB837FD1-34A1-4B5C-9F2E-716FACCBD619}.Release|x64.ActiveCfg = Release|x64
		{AB837FD1-34A1-4B5C-9F2E-716FACCBD619}.Release|x64.Build.0 = Release|x64
		{2C9E641D-F184-4786-839C-6FCD6E115AEC}.Debug|Any CPU.ActiveCfg = Debug|Any CPU
		{2C9E641D-F184-4786-839C-6FCD6E115AEC}.Debug|x64.ActiveCfg = Debug|x64
		{2C9E641D-F184-4786-839C-6FCD6E115AEC}.Debug|x64.Build.0 = Debug|x64
		{2C9E641D-F184-4786-839C-6FCD6E115AEC}.Release|Any CPU.ActiveCfg = Release|Any CPU
		{2C9E641D-F184-4786-839C-6FCD6E115AEC}.Release|x64.ActiveCfg = Release|x64
		{2C9E641D-F184-4786-839C-6FCD6E115AEC}.Release|x64.Build.0 = Release|x64
		{605AA4F8-299E-4EBD-80CA-C6615FE6C0D0}.Debug|Any CPU.ActiveCfg = Debug|Any CPU
		{605AA4F8-299E-4EBD-80CA-C6615FE6C0D0}.Debug|Any CPU.Build.0 = Debug|Any CPU
		{605AA4F8-299E-4EBD-80CA-C6615FE6C0D0}.Debug|x64.ActiveCfg = Debug|Any CPU
		{605AA4F8-299E-4EBD-80CA-C6615FE6C0D0}.Debug|x64.Build.0 = Debug|Any CPU
		{605AA4F8-299E-4EBD-80CA-C6615FE6C0D0}.Release|Any CPU.ActiveCfg = Release|Any CPU
		{605AA4F8-299E-4EBD-80CA-C6615FE6C0D0}.Release|Any CPU.Build.0 = Release|Any CPU
		{605AA4F8-299E-4EBD-80CA-C6615FE6C0D0}.Release|x64.ActiveCfg = Release|Any CPU
		{605AA4F8-299E-4EBD-80CA-C6615FE6C0D0}.Release|x64.Build.0 = Release|Any CPU
		{17E9A54D-505B-4C50-8F62-4FB8B64011FC}.Debug|Any CPU.ActiveCfg = Debug|Any CPU
		{17E9A54D-505B-4C50-8F62-4FB8B64011FC}.Debug|Any CPU.Build.0 = Debug|Any CPU
		{17E9A54D-505B-4C50-8F62-4FB8B64011FC}.Debug|x64.ActiveCfg = Debug|Any CPU
		{17E9A54D-505B-4C50-8F62-4FB8B64011FC}.Debug|x64.Build.0 = Debug|Any CPU
		{17E9A54D-505B-4C50-8F62-4FB8B64011FC}.Release|Any CPU.ActiveCfg = Release|Any CPU
		{17E9A54D-505B-4C50-8F62-4FB8B64011FC}.Release|Any CPU.Build.0 = Release|Any CPU
		{17E9A54D-505B-4C50-8F62-4FB8B64011FC}.Release|x64.ActiveCfg = Release|Any CPU
		{17E9A54D-505B-4C50-8F62-4FB8B64011FC}.Release|x64.Build.0 = Release|Any CPU
		{0E49CDA0-940E-4171-94F3-5C9924BBAD39}.Debug|Any CPU.ActiveCfg = Debug|Any CPU
		{0E49CDA0-940E-4171-94F3-5C9924BBAD39}.Debug|Any CPU.Build.0 = Debug|Any CPU
		{0E49CDA0-940E-4171-94F3-5C9924BBAD39}.Debug|x64.ActiveCfg = Debug|Any CPU
		{0E49CDA0-940E-4171-94F3-5C9924BBAD39}.Debug|x64.Build.0 = Debug|Any CPU
		{0E49CDA0-940E-4171-94F3-5C9924BBAD39}.Release|Any CPU.ActiveCfg = Release|Any CPU
		{0E49CDA0-940E-4171-94F3-5C9924BBAD39}.Release|Any CPU.Build.0 = Release|Any CPU
		{0E49CDA0-940E-4171-94F3-5C9924BBAD39}.Release|x64.ActiveCfg = Release|Any CPU
		{0E49CDA0-940E-4171-94F3-5C9924BBAD39}.Release|x64.Build.0 = Release|Any CPU
	EndGlobalSection
	GlobalSection(SolutionProperties) = preSolution
		HideSolutionNode = FALSE
	EndGlobalSection
	GlobalSection(ExtensibilityGlobals) = postSolution
		SolutionGuid = {6A269AC8-8E4B-4533-821B-B2FE6D374D7F}
	EndGlobalSection
EndGlobal
