
Microsoft Visual Studio Solution File, Format Version 12.00
# Visual Studio Version 16
VisualStudioVersion = 16.0.31702.278
MinimumVisualStudioVersion = 10.0.40219.1
Project("{FAE04EC0-301F-11D3-BF4B-00C04F79EFBC}") = "SymLinkMaker", "SymLinkMaker\SymLinkMaker.csproj", "{F00DB4C8-2234-48D8-A37E-A07EAEA5BA4B}"
EndProject
Project("{FAE04EC0-301F-11D3-BF4B-00C04F79EFBC}") = "SymLinkMakerTest", "SymLinkMakerTest\SymLinkMakerTest.csproj", "{66441276-0E6B-49D9-97A6-E4FB8DB0F98F}"
EndProject
Global
	GlobalSection(SolutionConfigurationPlatforms) = preSolution
		Debug|Any CPU = Debug|Any CPU
		Release|Any CPU = Release|Any CPU
	EndGlobalSection
	GlobalSection(ProjectConfigurationPlatforms) = postSolution
		{F00DB4C8-2234-48D8-A37E-A07EAEA5BA4B}.Debug|Any CPU.ActiveCfg = Debug|Any CPU
		{F00DB4C8-2234-48D8-A37E-A07EAEA5BA4B}.Debug|Any CPU.Build.0 = Debug|Any CPU
		{F00DB4C8-2234-48D8-A37E-A07EAEA5BA4B}.Release|Any CPU.ActiveCfg = Release|Any CPU
		{F00DB4C8-2234-48D8-A37E-A07EAEA5BA4B}.Release|Any CPU.Build.0 = Release|Any CPU
		{66441276-0E6B-49D9-97A6-E4FB8DB0F98F}.Debug|Any CPU.ActiveCfg = Debug|Any CPU
		{66441276-0E6B-49D9-97A6-E4FB8DB0F98F}.Debug|Any CPU.Build.0 = Debug|Any CPU
		{66441276-0E6B-49D9-97A6-E4FB8DB0F98F}.Release|Any CPU.ActiveCfg = Release|Any CPU
		{66441276-0E6B-49D9-97A6-E4FB8DB0F98F}.Release|Any CPU.Build.0 = Release|Any CPU
	EndGlobalSection
	GlobalSection(SolutionProperties) = preSolution
		HideSolutionNode = FALSE
	EndGlobalSection
	GlobalSection(ExtensibilityGlobals) = postSolution
		SolutionGuid = {6A269AC8-8E4B-4533-821B-B2FE6D374D7F}
	EndGlobalSection
EndGlobal
